github.com/brentgroves/filter-private v0.0.0-20230707225922-ac7e74f1d17a h1:UA1cSTow+Wxj2ESpNXFVwhzR2lIhmkfM9AUA2vt2tms=
github.com/brentgroves/filter-private v0.0.0-20230707225922-ac7e74f1d17a/go.mod h1:nDUX6Gz2dH0LS1+Vz01ALzFPvTaFoTJUQcB1lEiWfVc=
golang.org/x/exp v0.0.0-20220722155223-a9213eeb770e h1:+WEEuIdZHnUeJJmEUjyYC2gfUMj69yZXw17EnHg/otA=
golang.org/x/exp v0.0.0-20220722155223-a9213eeb770e/go.mod h1:Kr81I6Kryrl9sr8s2FK3vxD90NdsKWRuOIl2O4CvYbA=
